
Microsoft Visual Studio Solution File, Format Version 12.00
# Visual Studio 15
VisualStudioVersion = 15.0.28307.960
MinimumVisualStudioVersion = 10.0.40219.1
Project("{FAE04EC0-301F-11D3-BF4B-00C04F79EFBC}") = "AdminStoredShoesMVC", "AdminStoredShoesMVC\AdminStoredShoesMVC.csproj", "{EF57AC56-72C5-4043-BD98-F9144A28EE4E}"
EndProject
Project("{FAE04EC0-301F-11D3-BF4B-00C04F79EFBC}") = "Data", "Data\Data.csproj", "{2957F453-42EA-4A66-90ED-64E9EC2F9635}"
EndProject
Project("{FAE04EC0-301F-11D3-BF4B-00C04F79EFBC}") = "Business", "Business\Business.csproj", "{9F749F98-7C52-43BC-B495-E2A155B09ECD}"
EndProject
Global
	GlobalSection(SolutionConfigurationPlatforms) = preSolution
		Debug|Any CPU = Debug|Any CPU
		Release|Any CPU = Release|Any CPU
	EndGlobalSection
	GlobalSection(ProjectConfigurationPlatforms) = postSolution
		{EF57AC56-72C5-4043-BD98-F9144A28EE4E}.Debug|Any CPU.ActiveCfg = Debug|Any CPU
		{EF57AC56-72C5-4043-BD98-F9144A28EE4E}.Debug|Any CPU.Build.0 = Debug|Any CPU
		{EF57AC56-72C5-4043-BD98-F9144A28EE4E}.Release|Any CPU.ActiveCfg = Release|Any CPU
		{EF57AC56-72C5-4043-BD98-F9144A28EE4E}.Release|Any CPU.Build.0 = Release|Any CPU
		{2957F453-42EA-4A66-90ED-64E9EC2F9635}.Debug|Any CPU.ActiveCfg = Debug|Any CPU
		{2957F453-42EA-4A66-90ED-64E9EC2F9635}.Debug|Any CPU.Build.0 = Debug|Any CPU
		{2957F453-42EA-4A66-90ED-64E9EC2F9635}.Release|Any CPU.ActiveCfg = Release|Any CPU
		{2957F453-42EA-4A66-90ED-64E9EC2F9635}.Release|Any CPU.Build.0 = Release|Any CPU
		{9F749F98-7C52-43BC-B495-E2A155B09ECD}.Debug|Any CPU.ActiveCfg = Debug|Any CPU
		{9F749F98-7C52-43BC-B495-E2A155B09ECD}.Debug|Any CPU.Build.0 = Debug|Any CPU
		{9F749F98-7C52-43BC-B495-E2A155B09ECD}.Release|Any CPU.ActiveCfg = Release|Any CPU
		{9F749F98-7C52-43BC-B495-E2A155B09ECD}.Release|Any CPU.Build.0 = Release|Any CPU
	EndGlobalSection
	GlobalSection(SolutionProperties) = preSolution
		HideSolutionNode = FALSE
	EndGlobalSection
	GlobalSection(ExtensibilityGlobals) = postSolution
		SolutionGuid = {D89E4290-BC8A-4BC2-8A7F-08F72B356B99}
	EndGlobalSection
EndGlobal
